// !$*UTF8*$!
{
	archiveVersion = 1;
	classes = {
	};
	objectVersion = 48;
	objects = {

/* Begin PBXBuildFile section */
		935143F51F940BF30042C9E9 /* PageVC.swift in Sources */ = {isa = PBXBuildFile; fileRef = 935143F41F940BF30042C9E9 /* PageVC.swift */; };
		93CDEB791F9405E900A53A93 /* AppDelegate.swift in Sources */ = {isa = PBXBuildFile; fileRef = 93CDEB781F9405E900A53A93 /* AppDelegate.swift */; };
		93CDEB7E1F9405E900A53A93 /* Main.storyboard in Resources */ = {isa = PBXBuildFile; fileRef = 93CDEB7C1F9405E900A53A93 /* Main.storyboard */; };
		93CDEB801F9405E900A53A93 /* Assets.xcassets in Resources */ = {isa = PBXBuildFile; fileRef = 93CDEB7F1F9405E900A53A93 /* Assets.xcassets */; };
		93CDEB831F9405E900A53A93 /* LaunchScreen.storyboard in Resources */ = {isa = PBXBuildFile; fileRef = 93CDEB811F9405E900A53A93 /* LaunchScreen.storyboard */; };
		93CDEB8B1F94063B00A53A93 /* DetailVC.swift in Sources */ = {isa = PBXBuildFile; fileRef = 93CDEB8A1F94063B00A53A93 /* DetailVC.swift */; };
		93CDEB8D1F94097700A53A93 /* ListVC.swift in Sources */ = {isa = PBXBuildFile; fileRef = 93CDEB8C1F94097700A53A93 /* ListVC.swift */; };
/* End PBXBuildFile section */

/* Begin PBXFileReference section */
		935143F41F940BF30042C9E9 /* PageVC.swift */ = {isa = PBXFileReference; lastKnownFileType = sourcecode.swift; path = PageVC.swift; sourceTree = "<group>"; };
		93CDEB751F9405E900A53A93 /* weatherGift.app */ = {isa = PBXFileReference; explicitFileType = wrapper.application; includeInIndex = 0; path = weatherGift.app; sourceTree = BUILT_PRODUCTS_DIR; };
		93CDEB781F9405E900A53A93 /* AppDelegate.swift */ = {isa = PBXFileReference; lastKnownFileType = sourcecode.swift; path = AppDelegate.swift; sourceTree = "<group>"; };
		93CDEB7D1F9405E900A53A93 /* Base */ = {isa = PBXFileReference; lastKnownFileType = file.storyboard; name = Base; path = Base.lproj/Main.storyboard; sourceTree = "<group>"; };
		93CDEB7F1F9405E900A53A93 /* Assets.xcassets */ = {isa = PBXFileReference; lastKnownFileType = folder.assetcatalog; path = Assets.xcassets; sourceTree = "<group>"; };
		93CDEB821F9405E900A53A93 /* Base */ = {isa = PBXFileReference; lastKnownFileType = file.storyboard; name = Base; path = Base.lproj/LaunchScreen.storyboard; sourceTree = "<group>"; };
		93CDEB841F9405E900A53A93 /* Info.plist */ = {isa = PBXFileReference; lastKnownFileType = text.plist.xml; path = Info.plist; sourceTree = "<group>"; };
		93CDEB8A1F94063B00A53A93 /* DetailVC.swift */ = {isa = PBXFileReference; lastKnownFileType = sourcecode.swift; path = DetailVC.swift; sourceTree = "<group>"; };
		93CDEB8C1F94097700A53A93 /* ListVC.swift */ = {isa = PBXFileReference; lastKnownFileType = sourcecode.swift; path = ListVC.swift; sourceTree = "<group>"; };
/* End PBXFileReference section */

/* Begin PBXFrameworksBuildPhase section */
		93CDEB721F9405E900A53A93 /* Frameworks */ = {
			isa = PBXFrameworksBuildPhase;
			buildActionMask = 2147483647;
			files = (
			);
			runOnlyForDeploymentPostprocessing = 0;
		};
/* End PBXFrameworksBuildPhase section */

/* Begin PBXGroup section */
		93CDEB6C1F9405E900A53A93 = {
			isa = PBXGroup;
			children = (
				93CDEB771F9405E900A53A93 /* weatherGift */,
				93CDEB761F9405E900A53A93 /* Products */,
			);
			sourceTree = "<group>";
		};
		93CDEB761F9405E900A53A93 /* Products */ = {
			isa = PBXGroup;
			children = (
				93CDEB751F9405E900A53A93 /* weatherGift.app */,
			);
			name = Products;
			sourceTree = "<group>";
		};
		93CDEB771F9405E900A53A93 /* weatherGift */ = {
			isa = PBXGroup;
			children = (
				93CDEB781F9405E900A53A93 /* AppDelegate.swift */,
				935143F41F940BF30042C9E9 /* PageVC.swift */,
				93CDEB8A1F94063B00A53A93 /* DetailVC.swift */,
				93CDEB8C1F94097700A53A93 /* ListVC.swift */,
				93CDEB7C1F9405E900A53A93 /* Main.storyboard */,
				93CDEB7F1F9405E900A53A93 /* Assets.xcassets */,
				93CDEB811F9405E900A53A93 /* LaunchScreen.storyboard */,
				93CDEB841F9405E900A53A93 /* Info.plist */,
			);
			path = weatherGift;
			sourceTree = "<group>";
		};
/* End PBXGroup section */

/* Begin PBXNativeTarget section */
		93CDEB741F9405E900A53A93 /* weatherGift */ = {
			isa = PBXNativeTarget;
			buildConfigurationList = 93CDEB871F9405E900A53A93 /* Build configuration list for PBXNativeTarget "weatherGift" */;
			buildPhases = (
				93CDEB711F9405E900A53A93 /* Sources */,
				93CDEB721F9405E900A53A93 /* Frameworks */,
				93CDEB731F9405E900A53A93 /* Resources */,
			);
			buildRules = (
			);
			dependencies = (
			);
			name = weatherGift;
			productName = weatherGift;
			productReference = 93CDEB751F9405E900A53A93 /* weatherGift.app */;
			productType = "com.apple.product-type.application";
		};
/* End PBXNativeTarget section */

/* Begin PBXProject section */
		93CDEB6D1F9405E900A53A93 /* Project object */ = {
			isa = PBXProject;
			attributes = {
				LastSwiftUpdateCheck = 0900;
				LastUpgradeCheck = 0900;
				ORGANIZATIONNAME = Casazza;
				TargetAttributes = {
					93CDEB741F9405E900A53A93 = {
						CreatedOnToolsVersion = 9.0;
						ProvisioningStyle = Automatic;
					};
				};
			};
			buildConfigurationList = 93CDEB701F9405E900A53A93 /* Build configuration list for PBXProject "weatherGift" */;
			compatibilityVersion = "Xcode 8.0";
			developmentRegion = en;
			hasScannedForEncodings = 0;
			knownRegions = (
				en,
				Base,
			);
			mainGroup = 93CDEB6C1F9405E900A53A93;
			productRefGroup = 93CDEB761F9405E900A53A93 /* Products */;
			projectDirPath = "";
			projectRoot = "";
			targets = (
				93CDEB741F9405E900A53A93 /* weatherGift */,
			);
		};
/* End PBXProject section */

/* Begin PBXResourcesBuildPhase section */
		93CDEB731F9405E900A53A93 /* Resources */ = {
			isa = PBXResourcesBuildPhase;
			buildActionMask = 2147483647;
			files = (
				93CDEB831F9405E900A53A93 /* LaunchScreen.storyboard in Resources */,
				93CDEB801F9405E900A53A93 /* Assets.xcassets in Resources */,
				93CDEB7E1F9405E900A53A93 /* Main.storyboard in Resources */,
			);
			runOnlyForDeploymentPostprocessing = 0;
		};
/* End PBXResourcesBuildPhase section */

/* Begin PBXSourcesBuildPhase section */
		93CDEB711F9405E900A53A93 /* Sources */ = {
			isa = PBXSourcesBuildPhase;
			buildActionMask = 2147483647;
			files = (
				93CDEB8D1F94097700A53A93 /* ListVC.swift in Sources */,
				935143F51F940BF30042C9E9 /* PageVC.swift in Sources */,
				93CDEB791F9405E900A53A93 /* AppDelegate.swift in Sources */,
				93CDEB8B1F94063B00A53A93 /* DetailVC.swift in Sources */,
			);
			runOnlyForDeploymentPostprocessing = 0;
		};
/* End PBXSourcesBuildPhase section */

/* Begin PBXVariantGroup section */
		93CDEB7C1F9405E900A53A93 /* Main.storyboard */ = {
			isa = PBXVariantGroup;
			children = (
				93CDEB7D1F9405E900A53A93 /* Base */,
			);
			name = Main.storyboard;
			sourceTree = "<group>";
		};
		93CDEB811F9405E900A53A93 /* LaunchScreen.storyboard */ = {
			isa = PBXVariantGroup;
			children = (
				93CDEB821F9405E900A53A93 /* Base */,
			);
			name = LaunchScreen.storyboard;
			sourceTree = "<group>";
		};
/* End PBXVariantGroup section */

/* Begin XCBuildConfiguration section */
		93CDEB851F9405E900A53A93 /* Debug */ = {
			isa = XCBuildConfiguration;
			buildSettings = {
				ALWAYS_SEARCH_USER_PATHS = NO;
				CLANG_ANALYZER_NONNULL = YES;
				CLANG_ANALYZER_NUMBER_OBJECT_CONVERSION = YES_AGGRESSIVE;
				CLANG_CXX_LANGUAGE_STANDARD = "gnu++14";
				CLANG_CXX_LIBRARY = "libc++";
				CLANG_ENABLE_MODULES = YES;
				CLANG_ENABLE_OBJC_ARC = YES;
				CLANG_WARN_BLOCK_CAPTURE_AUTORELEASING = YES;
				CLANG_WARN_BOOL_CONVERSION = YES;
				CLANG_WARN_COMMA = YES;
				CLANG_WARN_CONSTANT_CONVERSION = YES;
				CLANG_WARN_DIRECT_OBJC_ISA_USAGE = YES_ERROR;
				CLANG_WARN_DOCUMENTATION_COMMENTS = YES;
				CLANG_WARN_EMPTY_BODY = YES;
				CLANG_WARN_ENUM_CONVERSION = YES;
				CLANG_WARN_INFINITE_RECURSION = YES;
				CLANG_WARN_INT_CONVERSION = YES;
				CLANG_WARN_NON_LITERAL_NULL_CONVERSION = YES;
				CLANG_WARN_OBJC_LITERAL_CONVERSION = YES;
				CLANG_WARN_OBJC_ROOT_CLASS = YES_ERROR;
				CLANG_WARN_RANGE_LOOP_ANALYSIS = YES;
				CLANG_WARN_STRICT_PROTOTYPES = YES;
				CLANG_WARN_SUSPICIOUS_MOVE = YES;
				CLANG_WARN_UNGUARDED_AVAILABILITY = YES_AGGRESSIVE;
				CLANG_WARN_UNREACHABLE_CODE = YES;
				CLANG_WARN__DUPLICATE_METHOD_MATCH = YES;
				CODE_SIGN_IDENTITY = "iPhone Developer";
				COPY_PHASE_STRIP = NO;
				DEBUG_INFORMATION_FORMAT = dwarf;
				ENABLE_STRICT_OBJC_MSGSEND = YES;
				ENABLE_TESTABILITY = YES;
				GCC_C_LANGUAGE_STANDARD = gnu11;
				GCC_DYNAMIC_NO_PIC = NO;
				GCC_NO_COMMON_BLOCKS = YES;
				GCC_OPTIMIZATION_LEVEL = 0;
				GCC_PREPROCESSOR_DEFINITIONS = (
					"DEBUG=1",
					"$(inherited)",
				);
				GCC_WARN_64_TO_32_BIT_CONVERSION = YES;
				GCC_WARN_ABOUT_RETURN_TYPE = YES_ERROR;
				GCC_WARN_UNDECLARED_SELECTOR = YES;
				GCC_WARN_UNINITIALIZED_AUTOS = YES_AGGRESSIVE;
				GCC_WARN_UNUSED_FUNCTION = YES;
				GCC_WARN_UNUSED_VARIABLE = YES;
				IPHONEOS_DEPLOYMENT_TARGET = 11.0;
				MTL_ENABLE_DEBUG_INFO = YES;
				ONLY_ACTIVE_ARCH = YES;
				SDKROOT = iphoneos;
				SWIFT_ACTIVE_COMPILATION_CONDITIONS = DEBUG;
				SWIFT_OPTIMIZATION_LEVEL = "-Onone";
			};
			name = Debug;
		};
		93CDEB861F9405E900A53A93 /* Release */ = {
			isa = XCBuildConfiguration;
			buildSettings = {
				ALWAYS_SEARCH_USER_PATHS = NO;
				CLANG_ANALYZER_NONNULL = YES;
				CLANG_ANALYZER_NUMBER_OBJECT_CONVERSION = YES_AGGRESSIVE;
				CLANG_CXX_LANGUAGE_STANDARD = "gnu++14";
				CLANG_CXX_LIBRARY = "libc++";
				CLANG_ENABLE_MODULES = YES;
				CLANG_ENABLE_OBJC_ARC = YES;
				CLANG_WARN_BLOCK_CAPTURE_AUTORELEASING = YES;
				CLANG_WARN_BOOL_CONVERSION = YES;
				CLANG_WARN_COMMA = YES;
				CLANG_WARN_CONSTANT_CONVERSION = YES;
				CLANG_WARN_DIRECT_OBJC_ISA_USAGE = YES_ERROR;
				CLANG_WARN_DOCUMENTATION_COMMENTS = YES;
				CLANG_WARN_EMPTY_BODY = YES;
				CLANG_WARN_ENUM_CONVERSION = YES;
				CLANG_WARN_INFINITE_RECURSION = YES;
				CLANG_WARN_INT_CONVERSION = YES;
				CLANG_WARN_NON_LITERAL_NULL_CONVERSION = YES;
				CLANG_WARN_OBJC_LITERAL_CONVERSION = YES;
				CLANG_WARN_OBJC_ROOT_CLASS = YES_ERROR;
				CLANG_WARN_RANGE_LOOP_ANALYSIS = YES;
				CLANG_WARN_STRICT_PROTOTYPES = YES;
				CLANG_WARN_SUSPICIOUS_MOVE = YES;
				CLANG_WARN_UNGUARDED_AVAILABILITY = YES_AGGRESSIVE;
				CLANG_WARN_UNREACHABLE_CODE = YES;
				CLANG_WARN__DUPLICATE_METHOD_MATCH = YES;
				CODE_SIGN_IDENTITY = "iPhone Developer";
				COPY_PHASE_STRIP = NO;
				DEBUG_INFORMATION_FORMAT = "dwarf-with-dsym";
				ENABLE_NS_ASSERTIONS = NO;
				ENABLE_STRICT_OBJC_MSGSEND = YES;
				GCC_C_LANGUAGE_STANDARD = gnu11;
				GCC_NO_COMMON_BLOCKS = YES;
				GCC_WARN_64_TO_32_BIT_CONVERSION = YES;
				GCC_WARN_ABOUT_RETURN_TYPE = YES_ERROR;
				GCC_WARN_UNDECLARED_SELECTOR = YES;
				GCC_WARN_UNINITIALIZED_AUTOS = YES_AGGRESSIVE;
				GCC_WARN_UNUSED_FUNCTION = YES;
				GCC_WARN_UNUSED_VARIABLE = YES;
				IPHONEOS_DEPLOYMENT_TARGET = 11.0;
				MTL_ENABLE_DEBUG_INFO = NO;
				SDKROOT = iphoneos;
				SWIFT_OPTIMIZATION_LEVEL = "-Owholemodule";
				VALIDATE_PRODUCT = YES;
			};
			name = Release;
		};
		93CDEB881F9405E900A53A93 /* Debug */ = {
			isa = XCBuildConfiguration;
			buildSettings = {
				ASSETCATALOG_COMPILER_APPICON_NAME = AppIcon;
				CODE_SIGN_STYLE = Automatic;
				DEVELOPMENT_TEAM = 8QNM9K5FQH;
				INFOPLIST_FILE = weatherGift/Info.plist;
				IPHONEOS_DEPLOYMENT_TARGET = 11.0;
				LD_RUNPATH_SEARCH_PATHS = "$(inherited) @executable_path/Frameworks";
				PRODUCT_BUNDLE_IDENTIFIER = com.casazza.weatherGift;
				PRODUCT_NAME = "$(TARGET_NAME)";
				SWIFT_VERSION = 4.0;
				TARGETED_DEVICE_FAMILY = "1,2";
			};
			name = Debug;
		};
		93CDEB891F9405E900A53A93 /* Release */ = {
			isa = XCBuildConfiguration;
			buildSettings = {
				ASSETCATALOG_COMPILER_APPICON_NAME = AppIcon;
				CODE_SIGN_STYLE = Automatic;
				DEVELOPMENT_TEAM = 8QNM9K5FQH;
				INFOPLIST_FILE = weatherGift/Info.plist;
				IPHONEOS_DEPLOYMENT_TARGET = 11.0;
				LD_RUNPATH_SEARCH_PATHS = "$(inherited) @executable_path/Frameworks";
				PRODUCT_BUNDLE_IDENTIFIER = com.casazza.weatherGift;
				PRODUCT_NAME = "$(TARGET_NAME)";
				SWIFT_VERSION = 4.0;
				TARGETED_DEVICE_FAMILY = "1,2";
			};
			name = Release;
		};
/* End XCBuildConfiguration section */

/* Begin XCConfigurationList section */
		93CDEB701F9405E900A53A93 /* Build configuration list for PBXProject "weatherGift" */ = {
			isa = XCConfigurationList;
			buildConfigurations = (
				93CDEB851F9405E900A53A93 /* Debug */,
				93CDEB861F9405E900A53A93 /* Release */,
			);
			defaultConfigurationIsVisible = 0;
			defaultConfigurationName = Release;
		};
		93CDEB871F9405E900A53A93 /* Build configuration list for PBXNativeTarget "weatherGift" */ = {
			isa = XCConfigurationList;
			buildConfigurations = (
				93CDEB881F9405E900A53A93 /* Debug */,
				93CDEB891F9405E900A53A93 /* Release */,
			);
			defaultConfigurationIsVisible = 0;
			defaultConfigurationName = Release;
		};
/* End XCConfigurationList section */
	};
	rootObject = 93CDEB6D1F9405E900A53A93 /* Project object */;
}
