// !$*UTF8*$!
{
	archiveVersion = 1;
	classes = {
	};
	objectVersion = 48;
	objects = {

/* Begin PBXBuildFile section */
		931772331F9D3C9600C07AA3 /* WeatherDetail.swift in Sources */ = {isa = PBXBuildFile; fileRef = 931772321F9D3C9600C07AA3 /* WeatherDetail.swift */; };
		931772351F9DA1CB00C07AA3 /* Constants.swift in Sources */ = {isa = PBXBuildFile; fileRef = 931772341F9DA1CB00C07AA3 /* Constants.swift */; };
		931A84A31FC34A1600D0E715 /* AboutVC.swift in Sources */ = {isa = PBXBuildFile; fileRef = 931A84A21FC34A1600D0E715 /* AboutVC.swift */; };
		931C44CD1FAF996100EDAF13 /* HourlyWeatherCell.swift in Sources */ = {isa = PBXBuildFile; fileRef = 931C44CC1FAF996100EDAF13 /* HourlyWeatherCell.swift */; };
		931C44CF1FAFB1A700EDAF13 /* WeatherLocation.swift in Sources */ = {isa = PBXBuildFile; fileRef = 931C44CE1FAFB1A700EDAF13 /* WeatherLocation.swift */; };
		935143F51F940BF30042C9E9 /* PageVC.swift in Sources */ = {isa = PBXBuildFile; fileRef = 935143F41F940BF30042C9E9 /* PageVC.swift */; };
		938129321FA659DE000BB6AA /* DayWeatherCell.swift in Sources */ = {isa = PBXBuildFile; fileRef = 938129311FA659DE000BB6AA /* DayWeatherCell.swift */; };
		93CDEB791F9405E900A53A93 /* AppDelegate.swift in Sources */ = {isa = PBXBuildFile; fileRef = 93CDEB781F9405E900A53A93 /* AppDelegate.swift */; };
		93CDEB7E1F9405E900A53A93 /* Main.storyboard in Resources */ = {isa = PBXBuildFile; fileRef = 93CDEB7C1F9405E900A53A93 /* Main.storyboard */; };
		93CDEB801F9405E900A53A93 /* Assets.xcassets in Resources */ = {isa = PBXBuildFile; fileRef = 93CDEB7F1F9405E900A53A93 /* Assets.xcassets */; };
		93CDEB831F9405E900A53A93 /* LaunchScreen.storyboard in Resources */ = {isa = PBXBuildFile; fileRef = 93CDEB811F9405E900A53A93 /* LaunchScreen.storyboard */; };
		93CDEB8B1F94063B00A53A93 /* DetailVC.swift in Sources */ = {isa = PBXBuildFile; fileRef = 93CDEB8A1F94063B00A53A93 /* DetailVC.swift */; };
		93CDEB8D1F94097700A53A93 /* ListVC.swift in Sources */ = {isa = PBXBuildFile; fileRef = 93CDEB8C1F94097700A53A93 /* ListVC.swift */; };
		93FDAADF1FAC25DF000C8B9D /* TimeInterval+format.swift in Sources */ = {isa = PBXBuildFile; fileRef = 93FDAADE1FAC25DF000C8B9D /* TimeInterval+format.swift */; };
		EA183135561BA4FF25D57CBD /* Pods_weatherGift.framework in Frameworks */ = {isa = PBXBuildFile; fileRef = D00990A8F0A79A5A2C765C29 /* Pods_weatherGift.framework */; };
/* End PBXBuildFile section */

/* Begin PBXFileReference section */
		2A7554CB9805624B176F91D1 /* Pods-weatherGift.debug.xcconfig */ = {isa = PBXFileReference; includeInIndex = 1; lastKnownFileType = text.xcconfig; name = "Pods-weatherGift.debug.xcconfig"; path = "Pods/Target Support Files/Pods-weatherGift/Pods-weatherGift.debug.xcconfig"; sourceTree = "<group>"; };
		931772321F9D3C9600C07AA3 /* WeatherDetail.swift */ = {isa = PBXFileReference; lastKnownFileType = sourcecode.swift; path = WeatherDetail.swift; sourceTree = "<group>"; };
		931772341F9DA1CB00C07AA3 /* Constants.swift */ = {isa = PBXFileReference; lastKnownFileType = sourcecode.swift; path = Constants.swift; sourceTree = "<group>"; };
		931A84A21FC34A1600D0E715 /* AboutVC.swift */ = {isa = PBXFileReference; lastKnownFileType = sourcecode.swift; path = AboutVC.swift; sourceTree = "<group>"; };
		931C44CC1FAF996100EDAF13 /* HourlyWeatherCell.swift */ = {isa = PBXFileReference; lastKnownFileType = sourcecode.swift; path = HourlyWeatherCell.swift; sourceTree = "<group>"; };
		931C44CE1FAFB1A700EDAF13 /* WeatherLocation.swift */ = {isa = PBXFileReference; lastKnownFileType = sourcecode.swift; path = WeatherLocation.swift; sourceTree = "<group>"; };
		935143F41F940BF30042C9E9 /* PageVC.swift */ = {isa = PBXFileReference; lastKnownFileType = sourcecode.swift; path = PageVC.swift; sourceTree = "<group>"; };
		938129311FA659DE000BB6AA /* DayWeatherCell.swift */ = {isa = PBXFileReference; lastKnownFileType = sourcecode.swift; path = DayWeatherCell.swift; sourceTree = "<group>"; };
		93CDEB751F9405E900A53A93 /* weatherGift.app */ = {isa = PBXFileReference; explicitFileType = wrapper.application; includeInIndex = 0; path = weatherGift.app; sourceTree = BUILT_PRODUCTS_DIR; };
		93CDEB781F9405E900A53A93 /* AppDelegate.swift */ = {isa = PBXFileReference; lastKnownFileType = sourcecode.swift; path = AppDelegate.swift; sourceTree = "<group>"; };
		93CDEB7D1F9405E900A53A93 /* Base */ = {isa = PBXFileReference; lastKnownFileType = file.storyboard; name = Base; path = Base.lproj/Main.storyboard; sourceTree = "<group>"; };
		93CDEB7F1F9405E900A53A93 /* Assets.xcassets */ = {isa = PBXFileReference; lastKnownFileType = folder.assetcatalog; path = Assets.xcassets; sourceTree = "<group>"; };
		93CDEB821F9405E900A53A93 /* Base */ = {isa = PBXFileReference; lastKnownFileType = file.storyboard; name = Base; path = Base.lproj/LaunchScreen.storyboard; sourceTree = "<group>"; };
		93CDEB841F9405E900A53A93 /* Info.plist */ = {isa = PBXFileReference; lastKnownFileType = text.plist.xml; path = Info.plist; sourceTree = "<group>"; };
		93CDEB8A1F94063B00A53A93 /* DetailVC.swift */ = {isa = PBXFileReference; lastKnownFileType = sourcecode.swift; path = DetailVC.swift; sourceTree = "<group>"; };
		93CDEB8C1F94097700A53A93 /* ListVC.swift */ = {isa = PBXFileReference; lastKnownFileType = sourcecode.swift; path = ListVC.swift; sourceTree = "<group>"; };
		93FDAADE1FAC25DF000C8B9D /* TimeInterval+format.swift */ = {isa = PBXFileReference; lastKnownFileType = sourcecode.swift; path = "TimeInterval+format.swift"; sourceTree = "<group>"; };
		D00990A8F0A79A5A2C765C29 /* Pods_weatherGift.framework */ = {isa = PBXFileReference; explicitFileType = wrapper.framework; includeInIndex = 0; path = Pods_weatherGift.framework; sourceTree = BUILT_PRODUCTS_DIR; };
		DF36E2DE77DB31D096032295 /* Pods-weatherGift.release.xcconfig */ = {isa = PBXFileReference; includeInIndex = 1; lastKnownFileType = text.xcconfig; name = "Pods-weatherGift.release.xcconfig"; path = "Pods/Target Support Files/Pods-weatherGift/Pods-weatherGift.release.xcconfig"; sourceTree = "<group>"; };
/* End PBXFileReference section */

/* Begin PBXFrameworksBuildPhase section */
		93CDEB721F9405E900A53A93 /* Frameworks */ = {
			isa = PBXFrameworksBuildPhase;
			buildActionMask = 2147483647;
			files = (
				EA183135561BA4FF25D57CBD /* Pods_weatherGift.framework in Frameworks */,
			);
			runOnlyForDeploymentPostprocessing = 0;
		};
/* End PBXFrameworksBuildPhase section */

/* Begin PBXGroup section */
		71932599323D7023674DE1C4 /* Frameworks */ = {
			isa = PBXGroup;
			children = (
				D00990A8F0A79A5A2C765C29 /* Pods_weatherGift.framework */,
			);
			name = Frameworks;
			sourceTree = "<group>";
		};
		93CDEB6C1F9405E900A53A93 = {
			isa = PBXGroup;
			children = (
				93CDEB771F9405E900A53A93 /* weatherGift */,
				93CDEB761F9405E900A53A93 /* Products */,
				B1796383C47E9283EE683E51 /* Pods */,
				71932599323D7023674DE1C4 /* Frameworks */,
			);
			sourceTree = "<group>";
		};
		93CDEB761F9405E900A53A93 /* Products */ = {
			isa = PBXGroup;
			children = (
				93CDEB751F9405E900A53A93 /* weatherGift.app */,
			);
			name = Products;
			sourceTree = "<group>";
		};
		93CDEB771F9405E900A53A93 /* weatherGift */ = {
			isa = PBXGroup;
			children = (
				93CDEB781F9405E900A53A93 /* AppDelegate.swift */,
				931C44CE1FAFB1A700EDAF13 /* WeatherLocation.swift */,
				931772321F9D3C9600C07AA3 /* WeatherDetail.swift */,
				931A84A21FC34A1600D0E715 /* AboutVC.swift */,
				935143F41F940BF30042C9E9 /* PageVC.swift */,
				93CDEB8C1F94097700A53A93 /* ListVC.swift */,
				93CDEB8A1F94063B00A53A93 /* DetailVC.swift */,
				93FDAADE1FAC25DF000C8B9D /* TimeInterval+format.swift */,
				938129311FA659DE000BB6AA /* DayWeatherCell.swift */,
				931C44CC1FAF996100EDAF13 /* HourlyWeatherCell.swift */,
				931772341F9DA1CB00C07AA3 /* Constants.swift */,
				93CDEB7C1F9405E900A53A93 /* Main.storyboard */,
				93CDEB7F1F9405E900A53A93 /* Assets.xcassets */,
				93CDEB811F9405E900A53A93 /* LaunchScreen.storyboard */,
				93CDEB841F9405E900A53A93 /* Info.plist */,
			);
			path = weatherGift;
			sourceTree = "<group>";
		};
		B1796383C47E9283EE683E51 /* Pods */ = {
			isa = PBXGroup;
			children = (
				2A7554CB9805624B176F91D1 /* Pods-weatherGift.debug.xcconfig */,
				DF36E2DE77DB31D096032295 /* Pods-weatherGift.release.xcconfig */,
			);
			name = Pods;
			sourceTree = "<group>";
		};
/* End PBXGroup section */

/* Begin PBXNativeTarget section */
		93CDEB741F9405E900A53A93 /* weatherGift */ = {
			isa = PBXNativeTarget;
			buildConfigurationList = 93CDEB871F9405E900A53A93 /* Build configuration list for PBXNativeTarget "weatherGift" */;
			buildPhases = (
				321B1F053523A9BE1884FDDF /* [CP] Check Pods Manifest.lock */,
				93CDEB711F9405E900A53A93 /* Sources */,
				93CDEB721F9405E900A53A93 /* Frameworks */,
				93CDEB731F9405E900A53A93 /* Resources */,
				573BFDED18B1B04B26DC8785 /* [CP] Embed Pods Frameworks */,
				DE42712F2E9EAC47F80A99D0 /* [CP] Copy Pods Resources */,
			);
			buildRules = (
			);
			dependencies = (
			);
			name = weatherGift;
			productName = weatherGift;
			productReference = 93CDEB751F9405E900A53A93 /* weatherGift.app */;
			productType = "com.apple.product-type.application";
		};
/* End PBXNativeTarget section */

/* Begin PBXProject section */
		93CDEB6D1F9405E900A53A93 /* Project object */ = {
			isa = PBXProject;
			attributes = {
				LastSwiftUpdateCheck = 0900;
				LastUpgradeCheck = 0900;
				ORGANIZATIONNAME = Casazza;
				TargetAttributes = {
					93CDEB741F9405E900A53A93 = {
						CreatedOnToolsVersion = 9.0;
						ProvisioningStyle = Automatic;
					};
				};
			};
			buildConfigurationList = 93CDEB701F9405E900A53A93 /* Build configuration list for PBXProject "weatherGift" */;
			compatibilityVersion = "Xcode 8.0";
			developmentRegion = en;
			hasScannedForEncodings = 0;
			knownRegions = (
				en,
				Base,
			);
			mainGroup = 93CDEB6C1F9405E900A53A93;
			productRefGroup = 93CDEB761F9405E900A53A93 /* Products */;
			projectDirPath = "";
			projectRoot = "";
			targets = (
				93CDEB741F9405E900A53A93 /* weatherGift */,
			);
		};
/* End PBXProject section */

/* Begin PBXResourcesBuildPhase section */
		93CDEB731F9405E900A53A93 /* Resources */ = {
			isa = PBXResourcesBuildPhase;
			buildActionMask = 2147483647;
			files = (
				93CDEB831F9405E900A53A93 /* LaunchScreen.storyboard in Resources */,
				93CDEB801F9405E900A53A93 /* Assets.xcassets in Resources */,
				93CDEB7E1F9405E900A53A93 /* Main.storyboard in Resources */,
			);
			runOnlyForDeploymentPostprocessing = 0;
		};
/* End PBXResourcesBuildPhase section */

/* Begin PBXShellScriptBuildPhase section */
		321B1F053523A9BE1884FDDF /* [CP] Check Pods Manifest.lock */ = {
			isa = PBXShellScriptBuildPhase;
			buildActionMask = 2147483647;
			files = (
			);
			inputPaths = (
				"${PODS_PODFILE_DIR_PATH}/Podfile.lock",
				"${PODS_ROOT}/Manifest.lock",
			);
			name = "[CP] Check Pods Manifest.lock";
			outputPaths = (
				"$(DERIVED_FILE_DIR)/Pods-weatherGift-checkManifestLockResult.txt",
			);
			runOnlyForDeploymentPostprocessing = 0;
			shellPath = /bin/sh;
			shellScript = "diff \"${PODS_PODFILE_DIR_PATH}/Podfile.lock\" \"${PODS_ROOT}/Manifest.lock\" > /dev/null\nif [ $? != 0 ] ; then\n    # print error to STDERR\n    echo \"error: The sandbox is not in sync with the Podfile.lock. Run 'pod install' or update your CocoaPods installation.\" >&2\n    exit 1\nfi\n# This output is used by Xcode 'outputs' to avoid re-running this script phase.\necho \"SUCCESS\" > \"${SCRIPT_OUTPUT_FILE_0}\"\n";
			showEnvVarsInLog = 0;
		};
		573BFDED18B1B04B26DC8785 /* [CP] Embed Pods Frameworks */ = {
			isa = PBXShellScriptBuildPhase;
			buildActionMask = 2147483647;
			files = (
			);
			inputPaths = (
				"${SRCROOT}/Pods/Target Support Files/Pods-weatherGift/Pods-weatherGift-frameworks.sh",
				"${BUILT_PRODUCTS_DIR}/Alamofire/Alamofire.framework",
				"${BUILT_PRODUCTS_DIR}/SwiftyJSON/SwiftyJSON.framework",
			);
			name = "[CP] Embed Pods Frameworks";
			outputPaths = (
				"${TARGET_BUILD_DIR}/${FRAMEWORKS_FOLDER_PATH}/Alamofire.framework",
				"${TARGET_BUILD_DIR}/${FRAMEWORKS_FOLDER_PATH}/SwiftyJSON.framework",
			);
			runOnlyForDeploymentPostprocessing = 0;
			shellPath = /bin/sh;
			shellScript = "\"${SRCROOT}/Pods/Target Support Files/Pods-weatherGift/Pods-weatherGift-frameworks.sh\"\n";
			showEnvVarsInLog = 0;
		};
		DE42712F2E9EAC47F80A99D0 /* [CP] Copy Pods Resources */ = {
			isa = PBXShellScriptBuildPhase;
			buildActionMask = 2147483647;
			files = (
			);
			inputPaths = (
				"${SRCROOT}/Pods/Target Support Files/Pods-weatherGift/Pods-weatherGift-resources.sh",
				"${PODS_ROOT}/GooglePlaces/Frameworks/GooglePlaces.framework/Resources/GooglePlaces.bundle",
			);
			name = "[CP] Copy Pods Resources";
			outputPaths = (
				"${TARGET_BUILD_DIR}/${UNLOCALIZED_RESOURCES_FOLDER_PATH}",
			);
			runOnlyForDeploymentPostprocessing = 0;
			shellPath = /bin/sh;
			shellScript = "\"${SRCROOT}/Pods/Target Support Files/Pods-weatherGift/Pods-weatherGift-resources.sh\"\n";
			showEnvVarsInLog = 0;
		};
/* End PBXShellScriptBuildPhase section */

/* Begin PBXSourcesBuildPhase section */
		93CDEB711F9405E900A53A93 /* Sources */ = {
			isa = PBXSourcesBuildPhase;
			buildActionMask = 2147483647;
			files = (
				938129321FA659DE000BB6AA /* DayWeatherCell.swift in Sources */,
				931C44CD1FAF996100EDAF13 /* HourlyWeatherCell.swift in Sources */,
				93CDEB8D1F94097700A53A93 /* ListVC.swift in Sources */,
				931772331F9D3C9600C07AA3 /* WeatherDetail.swift in Sources */,
				935143F51F940BF30042C9E9 /* PageVC.swift in Sources */,
				931C44CF1FAFB1A700EDAF13 /* WeatherLocation.swift in Sources */,
				93FDAADF1FAC25DF000C8B9D /* TimeInterval+format.swift in Sources */,
				931772351F9DA1CB00C07AA3 /* Constants.swift in Sources */,
				93CDEB791F9405E900A53A93 /* AppDelegate.swift in Sources */,
				931A84A31FC34A1600D0E715 /* AboutVC.swift in Sources */,
				93CDEB8B1F94063B00A53A93 /* DetailVC.swift in Sources */,
			);
			runOnlyForDeploymentPostprocessing = 0;
		};
/* End PBXSourcesBuildPhase section */

/* Begin PBXVariantGroup section */
		93CDEB7C1F9405E900A53A93 /* Main.storyboard */ = {
			isa = PBXVariantGroup;
			children = (
				93CDEB7D1F9405E900A53A93 /* Base */,
			);
			name = Main.storyboard;
			sourceTree = "<group>";
		};
		93CDEB811F9405E900A53A93 /* LaunchScreen.storyboard */ = {
			isa = PBXVariantGroup;
			children = (
				93CDEB821F9405E900A53A93 /* Base */,
			);
			name = LaunchScreen.storyboard;
			sourceTree = "<group>";
		};
/* End PBXVariantGroup section */

/* Begin XCBuildConfiguration section */
		93CDEB851F9405E900A53A93 /* Debug */ = {
			isa = XCBuildConfiguration;
			buildSettings = {
				ALWAYS_SEARCH_USER_PATHS = NO;
				CLANG_ANALYZER_NONNULL = YES;
				CLANG_ANALYZER_NUMBER_OBJECT_CONVERSION = YES_AGGRESSIVE;
				CLANG_CXX_LANGUAGE_STANDARD = "gnu++14";
				CLANG_CXX_LIBRARY = "libc++";
				CLANG_ENABLE_MODULES = YES;
				CLANG_ENABLE_OBJC_ARC = YES;
				CLANG_WARN_BLOCK_CAPTURE_AUTORELEASING = YES;
				CLANG_WARN_BOOL_CONVERSION = YES;
				CLANG_WARN_COMMA = YES;
				CLANG_WARN_CONSTANT_CONVERSION = YES;
				CLANG_WARN_DIRECT_OBJC_ISA_USAGE = YES_ERROR;
				CLANG_WARN_DOCUMENTATION_COMMENTS = YES;
				CLANG_WARN_EMPTY_BODY = YES;
				CLANG_WARN_ENUM_CONVERSION = YES;
				CLANG_WARN_INFINITE_RECURSION = YES;
				CLANG_WARN_INT_CONVERSION = YES;
				CLANG_WARN_NON_LITERAL_NULL_CONVERSION = YES;
				CLANG_WARN_OBJC_LITERAL_CONVERSION = YES;
				CLANG_WARN_OBJC_ROOT_CLASS = YES_ERROR;
				CLANG_WARN_RANGE_LOOP_ANALYSIS = YES;
				CLANG_WARN_STRICT_PROTOTYPES = YES;
				CLANG_WARN_SUSPICIOUS_MOVE = YES;
				CLANG_WARN_UNGUARDED_AVAILABILITY = YES_AGGRESSIVE;
				CLANG_WARN_UNREACHABLE_CODE = YES;
				CLANG_WARN__DUPLICATE_METHOD_MATCH = YES;
				CODE_SIGN_IDENTITY = "iPhone Developer";
				COPY_PHASE_STRIP = NO;
				DEBUG_INFORMATION_FORMAT = dwarf;
				ENABLE_STRICT_OBJC_MSGSEND = YES;
				ENABLE_TESTABILITY = YES;
				GCC_C_LANGUAGE_STANDARD = gnu11;
				GCC_DYNAMIC_NO_PIC = NO;
				GCC_NO_COMMON_BLOCKS = YES;
				GCC_OPTIMIZATION_LEVEL = 0;
				GCC_PREPROCESSOR_DEFINITIONS = (
					"DEBUG=1",
					"$(inherited)",
				);
				GCC_WARN_64_TO_32_BIT_CONVERSION = YES;
				GCC_WARN_ABOUT_RETURN_TYPE = YES_ERROR;
				GCC_WARN_UNDECLARED_SELECTOR = YES;
				GCC_WARN_UNINITIALIZED_AUTOS = YES_AGGRESSIVE;
				GCC_WARN_UNUSED_FUNCTION = YES;
				GCC_WARN_UNUSED_VARIABLE = YES;
				IPHONEOS_DEPLOYMENT_TARGET = 11.0;
				MTL_ENABLE_DEBUG_INFO = YES;
				ONLY_ACTIVE_ARCH = YES;
				SDKROOT = iphoneos;
				SWIFT_ACTIVE_COMPILATION_CONDITIONS = DEBUG;
				SWIFT_OPTIMIZATION_LEVEL = "-Onone";
			};
			name = Debug;
		};
		93CDEB861F9405E900A53A93 /* Release */ = {
			isa = XCBuildConfiguration;
			buildSettings = {
				ALWAYS_SEARCH_USER_PATHS = NO;
				CLANG_ANALYZER_NONNULL = YES;
				CLANG_ANALYZER_NUMBER_OBJECT_CONVERSION = YES_AGGRESSIVE;
				CLANG_CXX_LANGUAGE_STANDARD = "gnu++14";
				CLANG_CXX_LIBRARY = "libc++";
				CLANG_ENABLE_MODULES = YES;
				CLANG_ENABLE_OBJC_ARC = YES;
				CLANG_WARN_BLOCK_CAPTURE_AUTORELEASING = YES;
				CLANG_WARN_BOOL_CONVERSION = YES;
				CLANG_WARN_COMMA = YES;
				CLANG_WARN_CONSTANT_CONVERSION = YES;
				CLANG_WARN_DIRECT_OBJC_ISA_USAGE = YES_ERROR;
				CLANG_WARN_DOCUMENTATION_COMMENTS = YES;
				CLANG_WARN_EMPTY_BODY = YES;
				CLANG_WARN_ENUM_CONVERSION = YES;
				CLANG_WARN_INFINITE_RECURSION = YES;
				CLANG_WARN_INT_CONVERSION = YES;
				CLANG_WARN_NON_LITERAL_NULL_CONVERSION = YES;
				CLANG_WARN_OBJC_LITERAL_CONVERSION = YES;
				CLANG_WARN_OBJC_ROOT_CLASS = YES_ERROR;
				CLANG_WARN_RANGE_LOOP_ANALYSIS = YES;
				CLANG_WARN_STRICT_PROTOTYPES = YES;
				CLANG_WARN_SUSPICIOUS_MOVE = YES;
				CLANG_WARN_UNGUARDED_AVAILABILITY = YES_AGGRESSIVE;
				CLANG_WARN_UNREACHABLE_CODE = YES;
				CLANG_WARN__DUPLICATE_METHOD_MATCH = YES;
				CODE_SIGN_IDENTITY = "iPhone Developer";
				COPY_PHASE_STRIP = NO;
				DEBUG_INFORMATION_FORMAT = "dwarf-with-dsym";
				ENABLE_NS_ASSERTIONS = NO;
				ENABLE_STRICT_OBJC_MSGSEND = YES;
				GCC_C_LANGUAGE_STANDARD = gnu11;
				GCC_NO_COMMON_BLOCKS = YES;
				GCC_WARN_64_TO_32_BIT_CONVERSION = YES;
				GCC_WARN_ABOUT_RETURN_TYPE = YES_ERROR;
				GCC_WARN_UNDECLARED_SELECTOR = YES;
				GCC_WARN_UNINITIALIZED_AUTOS = YES_AGGRESSIVE;
				GCC_WARN_UNUSED_FUNCTION = YES;
				GCC_WARN_UNUSED_VARIABLE = YES;
				IPHONEOS_DEPLOYMENT_TARGET = 11.0;
				MTL_ENABLE_DEBUG_INFO = NO;
				SDKROOT = iphoneos;
				SWIFT_OPTIMIZATION_LEVEL = "-Owholemodule";
				VALIDATE_PRODUCT = YES;
			};
			name = Release;
		};
		93CDEB881F9405E900A53A93 /* Debug */ = {
			isa = XCBuildConfiguration;
			baseConfigurationReference = 2A7554CB9805624B176F91D1 /* Pods-weatherGift.debug.xcconfig */;
			buildSettings = {
				ASSETCATALOG_COMPILER_APPICON_NAME = AppIcon;
				CODE_SIGN_STYLE = Automatic;
				DEVELOPMENT_TEAM = 8QNM9K5FQH;
				INFOPLIST_FILE = weatherGift/Info.plist;
				IPHONEOS_DEPLOYMENT_TARGET = 11.0;
				LD_RUNPATH_SEARCH_PATHS = "$(inherited) @executable_path/Frameworks";
				PRODUCT_BUNDLE_IDENTIFIER = com.casazza.weatherGift;
				PRODUCT_NAME = "$(TARGET_NAME)";
				SWIFT_VERSION = 4.0;
				TARGETED_DEVICE_FAMILY = "1,2";
			};
			name = Debug;
		};
		93CDEB891F9405E900A53A93 /* Release */ = {
			isa = XCBuildConfiguration;
			baseConfigurationReference = DF36E2DE77DB31D096032295 /* Pods-weatherGift.release.xcconfig */;
			buildSettings = {
				ASSETCATALOG_COMPILER_APPICON_NAME = AppIcon;
				CODE_SIGN_STYLE = Automatic;
				DEVELOPMENT_TEAM = 8QNM9K5FQH;
				INFOPLIST_FILE = weatherGift/Info.plist;
				IPHONEOS_DEPLOYMENT_TARGET = 11.0;
				LD_RUNPATH_SEARCH_PATHS = "$(inherited) @executable_path/Frameworks";
				PRODUCT_BUNDLE_IDENTIFIER = com.casazza.weatherGift;
				PRODUCT_NAME = "$(TARGET_NAME)";
				SWIFT_VERSION = 4.0;
				TARGETED_DEVICE_FAMILY = "1,2";
			};
			name = Release;
		};
/* End XCBuildConfiguration section */

/* Begin XCConfigurationList section */
		93CDEB701F9405E900A53A93 /* Build configuration list for PBXProject "weatherGift" */ = {
			isa = XCConfigurationList;
			buildConfigurations = (
				93CDEB851F9405E900A53A93 /* Debug */,
				93CDEB861F9405E900A53A93 /* Release */,
			);
			defaultConfigurationIsVisible = 0;
			defaultConfigurationName = Release;
		};
		93CDEB871F9405E900A53A93 /* Build configuration list for PBXNativeTarget "weatherGift" */ = {
			isa = XCConfigurationList;
			buildConfigurations = (
				93CDEB881F9405E900A53A93 /* Debug */,
				93CDEB891F9405E900A53A93 /* Release */,
			);
			defaultConfigurationIsVisible = 0;
			defaultConfigurationName = Release;
		};
/* End XCConfigurationList section */
	};
	rootObject = 93CDEB6D1F9405E900A53A93 /* Project object */;
}
